
Microsoft Visual Studio Solution File, Format Version 12.00
# Visual Studio Version 17
VisualStudioVersion = 17.9.34616.47
MinimumVisualStudioVersion = 10.0.40219.1
Project("{8BC9CEB8-8B4A-11D0-8D11-00A0C91BC942}") = "Pemdas7mei", "Pemdas7mei\Pemdas7mei.vcxproj", "{2EA10C88-6962-4B85-B684-CEDC1FC2ED23}"
EndProject
Project("{8BC9CEB8-8B4A-11D0-8D11-00A0C91BC942}") = "ConsoleApplication1", "ConsoleApplication1\ConsoleApplication1.vcxproj", "{657FAF5C-F5B5-40CD-9FC4-6199FE3B7FA4}"
EndProject
Project("{8BC9CEB8-8B4A-11D0-8D11-00A0C91BC942}") = "Pemdas7meiPart3", "Pemdas7meiPart3\Pemdas7meiPart3.vcxproj", "{8F4941D7-914B-4275-A86E-07815C73D497}"
EndProject
Project("{8BC9CEB8-8B4A-11D0-8D11-00A0C91BC942}") = "Pemdas7meiPart4", "Pemdas7meiPart4\Pemdas7meiPart4.vcxproj", "{40EF890C-4E4D-465C-ABE9-A3EA92E03D94}"
EndProject
Global
	GlobalSection(SolutionConfigurationPlatforms) = preSolution
		Debug|x64 = Debug|x64
		Debug|x86 = Debug|x86
		Release|x64 = Release|x64
		Release|x86 = Release|x86
	EndGlobalSection
	GlobalSection(ProjectConfigurationPlatforms) = postSolution
		{2EA10C88-6962-4B85-B684-CEDC1FC2ED23}.Debug|x64.ActiveCfg = Debug|x64
		{2EA10C88-6962-4B85-B684-CEDC1FC2ED23}.Debug|x64.Build.0 = Debug|x64
		{2EA10C88-6962-4B85-B684-CEDC1FC2ED23}.Debug|x86.ActiveCfg = Debug|Win32
		{2EA10C88-6962-4B85-B684-CEDC1FC2ED23}.Debug|x86.Build.0 = Debug|Win32
		{2EA10C88-6962-4B85-B684-CEDC1FC2ED23}.Release|x64.ActiveCfg = Release|x64
		{2EA10C88-6962-4B85-B684-CEDC1FC2ED23}.Release|x64.Build.0 = Release|x64
		{2EA10C88-6962-4B85-B684-CEDC1FC2ED23}.Release|x86.ActiveCfg = Release|Win32
		{2EA10C88-6962-4B85-B684-CEDC1FC2ED23}.Release|x86.Build.0 = Release|Win32
		{657FAF5C-F5B5-40CD-9FC4-6199FE3B7FA4}.Debug|x64.ActiveCfg = Debug|x64
		{657FAF5C-F5B5-40CD-9FC4-6199FE3B7FA4}.Debug|x64.Build.0 = Debug|x64
		{657FAF5C-F5B5-40CD-9FC4-6199FE3B7FA4}.Debug|x86.ActiveCfg = Debug|Win32
		{657FAF5C-F5B5-40CD-9FC4-6199FE3B7FA4}.Debug|x86.Build.0 = Debug|Win32
		{657FAF5C-F5B5-40CD-9FC4-6199FE3B7FA4}.Release|x64.ActiveCfg = Release|x64
		{657FAF5C-F5B5-40CD-9FC4-6199FE3B7FA4}.Release|x64.Build.0 = Release|x64
		{657FAF5C-F5B5-40CD-9FC4-6199FE3B7FA4}.Release|x86.ActiveCfg = Release|Win32
		{657FAF5C-F5B5-40CD-9FC4-6199FE3B7FA4}.Release|x86.Build.0 = Release|Win32
		{8F4941D7-914B-4275-A86E-07815C73D497}.Debug|x64.ActiveCfg = Debug|x64
		{8F4941D7-914B-4275-A86E-07815C73D497}.Debug|x64.Build.0 = Debug|x64
		{8F4941D7-914B-4275-A86E-07815C73D497}.Debug|x86.ActiveCfg = Debug|Win32
		{8F4941D7-914B-4275-A86E-07815C73D497}.Debug|x86.Build.0 = Debug|Win32
		{8F4941D7-914B-4275-A86E-07815C73D497}.Release|x64.ActiveCfg = Release|x64
		{8F4941D7-914B-4275-A86E-07815C73D497}.Release|x64.Build.0 = Release|x64
		{8F4941D7-914B-4275-A86E-07815C73D497}.Release|x86.ActiveCfg = Release|Win32
		{8F4941D7-914B-4275-A86E-07815C73D497}.Release|x86.Build.0 = Release|Win32
		{40EF890C-4E4D-465C-ABE9-A3EA92E03D94}.Debug|x64.ActiveCfg = Debug|x64
		{40EF890C-4E4D-465C-ABE9-A3EA92E03D94}.Debug|x64.Build.0 = Debug|x64
		{40EF890C-4E4D-465C-ABE9-A3EA92E03D94}.Debug|x86.ActiveCfg = Debug|Win32
		{40EF890C-4E4D-465C-ABE9-A3EA92E03D94}.Debug|x86.Build.0 = Debug|Win32
		{40EF890C-4E4D-465C-ABE9-A3EA92E03D94}.Release|x64.ActiveCfg = Release|x64
		{40EF890C-4E4D-465C-ABE9-A3EA92E03D94}.Release|x64.Build.0 = Release|x64
		{40EF890C-4E4D-465C-ABE9-A3EA92E03D94}.Release|x86.ActiveCfg = Release|Win32
		{40EF890C-4E4D-465C-ABE9-A3EA92E03D94}.Release|x86.Build.0 = Release|Win32
	EndGlobalSection
	GlobalSection(SolutionProperties) = preSolution
		HideSolutionNode = FALSE
	EndGlobalSection
	GlobalSection(ExtensibilityGlobals) = postSolution
		SolutionGuid = {E6EA31DB-BF50-4163-8F77-98AADB23CE13}
	EndGlobalSection
EndGlobal
